{
  "version": "5",
  "specifiers": {
    "npm:immutable@5.1.9": "5.1.9"
  },
  "npm": {
    "immutable@5.1.9": {
      "integrity": "sha512-m8nVez3rwrgmWxtLMt1ZYXB2Lv7OKYn/disyxAlSDYAlKSlFoPPfIAmAM/M5xqL4m4C/wAPw7S2/CNaUii1Hxg=="
    }
  },
  "workspace": {
    "dependencies": [
      "npm:immutable@5.1.9"
    ]
  }
}
